
Microsoft Visual Studio Solution File, Format Version 12.00
# Visual Studio Version 17
VisualStudioVersion = 17.8.34330.188
MinimumVisualStudioVersion = 10.0.40219.1
Project("{FAE04EC0-301F-11D3-BF4B-00C04F79EFBC}") = "Multiple Pages On The Form", "Multiple Pages On The Form.csproj", "{B548EA59-990A-4772-8797-1070BCE23E2F}"
EndProject
Global
	GlobalSection(SolutionConfigurationPlatforms) = preSolution
		Debug|Any CPU = Debug|Any CPU
		Release|Any CPU = Release|Any CPU
	EndGlobalSection
	GlobalSection(ProjectConfigurationPlatforms) = postSolution
		{B548EA59-990A-4772-8797-1070BCE23E2F}.Debug|Any CPU.ActiveCfg = Debug|Any CPU
		{B548EA59-990A-4772-8797-1070BCE23E2F}.Debug|Any CPU.Build.0 = Debug|Any CPU
		{B548EA59-990A-4772-8797-1070BCE23E2F}.Release|Any CPU.ActiveCfg = Release|Any CPU
		{B548EA59-990A-4772-8797-1070BCE23E2F}.Release|Any CPU.Build.0 = Release|Any CPU
	EndGlobalSection
	GlobalSection(SolutionProperties) = preSolution
		HideSolutionNode = FALSE
	EndGlobalSection
	GlobalSection(ExtensibilityGlobals) = postSolution
		SolutionGuid = {EF79C37B-6568-48D6-BFD2-1B39738702D2}
	EndGlobalSection
EndGlobal
